dependencies:
- name: postgresql
  repository: oci://registry-1.docker.io/bitnamicharts
  version: 15.5.38
- name: mongodb
  repository: oci://registry-1.docker.io/bitnamicharts
  version: 16.5.45
- name: ollama
  repository: file://./ollama
  version: 1.26.0
- name: meilisearch
  repository: file://./meilisearch
  version: 0.7.0
- name: librechat-rag-api
  repository: file://./librechat-rag-api
  version: 0.5.1
digest: sha256:66704daca880506aff469d13ad611233b2994f2b8d3b0b880d34974b72eab9b9
generated: "2025-11-10T00:09:25.099214423+11:00"
